
Microsoft Visual Studio Solution File, Format Version 12.00
# Visual Studio Version 17
VisualStudioVersion = 17.14.36414.22 d17.14
MinimumVisualStudioVersion = 10.0.40219.1
Project("{FAE04EC0-301F-11D3-BF4B-00C04F79EFBC}") = "Activity3-StudentClassWithAuto-ImplementedProperties", "Activity3-StudentClassWithAuto-ImplementedProperties\Activity3-StudentClassWithAuto-ImplementedProperties.csproj", "{4F7095F5-EF62-417C-A688-45DB9D40EE0D}"
EndProject
Global
	GlobalSection(SolutionConfigurationPlatforms) = preSolution
		Debug|Any CPU = Debug|Any CPU
		Release|Any CPU = Release|Any CPU
	EndGlobalSection
	GlobalSection(ProjectConfigurationPlatforms) = postSolution
		{4F7095F5-EF62-417C-A688-45DB9D40EE0D}.Debug|Any CPU.ActiveCfg = Debug|Any CPU
		{4F7095F5-EF62-417C-A688-45DB9D40EE0D}.Debug|Any CPU.Build.0 = Debug|Any CPU
		{4F7095F5-EF62-417C-A688-45DB9D40EE0D}.Release|Any CPU.ActiveCfg = Release|Any CPU
		{4F7095F5-EF62-417C-A688-45DB9D40EE0D}.Release|Any CPU.Build.0 = Release|Any CPU
	EndGlobalSection
	GlobalSection(SolutionProperties) = preSolution
		HideSolutionNode = FALSE
	EndGlobalSection
	GlobalSection(ExtensibilityGlobals) = postSolution
		SolutionGuid = {50A64C84-8CCB-4678-92E5-E86ED1FBD687}
	EndGlobalSection
EndGlobal
